
Microsoft Visual Studio Solution File, Format Version 12.00
# Visual Studio Version 17
VisualStudioVersion = 17.3.32819.101
MinimumVisualStudioVersion = 10.0.40219.1
Project("{888888A0-9F3D-457C-B088-3A5042F75D52}") = "28.11 jana", "28.11 jana\28.11 jana.pyproj", "{6D3CE768-3DE0-4207-8FAF-CF608C4CFB7A}"
EndProject
Global
	GlobalSection(SolutionConfigurationPlatforms) = preSolution
		Debug|Any CPU = Debug|Any CPU
		Release|Any CPU = Release|Any CPU
	EndGlobalSection
	GlobalSection(ProjectConfigurationPlatforms) = postSolution
		{6D3CE768-3DE0-4207-8FAF-CF608C4CFB7A}.Debug|Any CPU.ActiveCfg = Debug|Any CPU
		{6D3CE768-3DE0-4207-8FAF-CF608C4CFB7A}.Release|Any CPU.ActiveCfg = Release|Any CPU
	EndGlobalSection
	GlobalSection(SolutionProperties) = preSolution
		HideSolutionNode = FALSE
	EndGlobalSection
	GlobalSection(ExtensibilityGlobals) = postSolution
		SolutionGuid = {D0C01335-BA52-4165-A5A5-B1170C2B6CF3}
	EndGlobalSection
EndGlobal
